
Microsoft Visual Studio Solution File, Format Version 12.00
# Visual Studio 15
VisualStudioVersion = 15.0.26730.16
MinimumVisualStudioVersion = 10.0.40219.1
Project("{9A19103F-16F7-4668-BE54-9A1E7A4F7556}") = "CoreAuth.IdentityServer", "CoreAuth.IdentityServer\CoreAuth.IdentityServer.csproj", "{46520339-931D-4B28-8C28-5CFC88195B3E}"
EndProject
Project("{9A19103F-16F7-4668-BE54-9A1E7A4F7556}") = "CoreAuth.Api", "CoreAuth.Api\CoreAuth.Api.csproj", "{8440F07A-A134-44EC-912D-BF264C500E53}"
EndProject
Project("{9A19103F-16F7-4668-BE54-9A1E7A4F7556}") = "CoreAuth.Web", "CoreAuth.Web\CoreAuth.Web.csproj", "{FD8C9673-D46A-42CF-86C8-FC2ADF4BCCDD}"
EndProject
Global
	GlobalSection(SolutionConfigurationPlatforms) = preSolution
		Debug|Any CPU = Debug|Any CPU
		Release|Any CPU = Release|Any CPU
	EndGlobalSection
	GlobalSection(ProjectConfigurationPlatforms) = postSolution
		{46520339-931D-4B28-8C28-5CFC88195B3E}.Debug|Any CPU.ActiveCfg = Debug|Any CPU
		{46520339-931D-4B28-8C28-5CFC88195B3E}.Debug|Any CPU.Build.0 = Debug|Any CPU
		{46520339-931D-4B28-8C28-5CFC88195B3E}.Release|Any CPU.ActiveCfg = Release|Any CPU
		{46520339-931D-4B28-8C28-5CFC88195B3E}.Release|Any CPU.Build.0 = Release|Any CPU
		{8440F07A-A134-44EC-912D-BF264C500E53}.Debug|Any CPU.ActiveCfg = Debug|Any CPU
		{8440F07A-A134-44EC-912D-BF264C500E53}.Debug|Any CPU.Build.0 = Debug|Any CPU
		{8440F07A-A134-44EC-912D-BF264C500E53}.Release|Any CPU.ActiveCfg = Release|Any CPU
		{8440F07A-A134-44EC-912D-BF264C500E53}.Release|Any CPU.Build.0 = Release|Any CPU
		{FD8C9673-D46A-42CF-86C8-FC2ADF4BCCDD}.Debug|Any CPU.ActiveCfg = Debug|Any CPU
		{FD8C9673-D46A-42CF-86C8-FC2ADF4BCCDD}.Debug|Any CPU.Build.0 = Debug|Any CPU
		{FD8C9673-D46A-42CF-86C8-FC2ADF4BCCDD}.Release|Any CPU.ActiveCfg = Release|Any CPU
		{FD8C9673-D46A-42CF-86C8-FC2ADF4BCCDD}.Release|Any CPU.Build.0 = Release|Any CPU
	EndGlobalSection
	GlobalSection(SolutionProperties) = preSolution
		HideSolutionNode = FALSE
	EndGlobalSection
	GlobalSection(ExtensibilityGlobals) = postSolution
		SolutionGuid = {87258C71-6A25-4FD3-BEC2-CF86FA0513AB}
	EndGlobalSection
EndGlobal
